
Microsoft Visual Studio Solution File, Format Version 12.00
Project("{FAE04EC0-301F-11D3-BF4B-00C04F79EFBC}") = "MyLibrary.Api", "MyLibrary.Api\MyLibrary.Api.csproj", "{1EEB68C5-B780-4C25-B5EE-C62A19F88B0D}"
EndProject
Project("{FAE04EC0-301F-11D3-BF4B-00C04F79EFBC}") = "MyLibrary.AppHost", "MyLibrary.AppHost\MyLibrary.AppHost.csproj", "{004D8767-869D-4EBE-91DB-36E31A9DC47A}"
EndProject
Project("{FAE04EC0-301F-11D3-BF4B-00C04F79EFBC}") = "MyLibrary.ServiceDefaults", "MyLibrary.ServiceDefaults\MyLibrary.ServiceDefaults.csproj", "{6518F40B-2F0C-4AF5-94A8-94A21E70C684}"
EndProject
Global
	GlobalSection(SolutionConfigurationPlatforms) = preSolution
		Debug|Any CPU = Debug|Any CPU
		Release|Any CPU = Release|Any CPU
	EndGlobalSection
	GlobalSection(ProjectConfigurationPlatforms) = postSolution
		{1EEB68C5-B780-4C25-B5EE-C62A19F88B0D}.Debug|Any CPU.ActiveCfg = Debug|Any CPU
		{1EEB68C5-B780-4C25-B5EE-C62A19F88B0D}.Debug|Any CPU.Build.0 = Debug|Any CPU
		{1EEB68C5-B780-4C25-B5EE-C62A19F88B0D}.Release|Any CPU.ActiveCfg = Release|Any CPU
		{1EEB68C5-B780-4C25-B5EE-C62A19F88B0D}.Release|Any CPU.Build.0 = Release|Any CPU
		{004D8767-869D-4EBE-91DB-36E31A9DC47A}.Debug|Any CPU.ActiveCfg = Debug|Any CPU
		{004D8767-869D-4EBE-91DB-36E31A9DC47A}.Debug|Any CPU.Build.0 = Debug|Any CPU
		{004D8767-869D-4EBE-91DB-36E31A9DC47A}.Release|Any CPU.ActiveCfg = Release|Any CPU
		{004D8767-869D-4EBE-91DB-36E31A9DC47A}.Release|Any CPU.Build.0 = Release|Any CPU
		{6518F40B-2F0C-4AF5-94A8-94A21E70C684}.Debug|Any CPU.ActiveCfg = Debug|Any CPU
		{6518F40B-2F0C-4AF5-94A8-94A21E70C684}.Debug|Any CPU.Build.0 = Debug|Any CPU
		{6518F40B-2F0C-4AF5-94A8-94A21E70C684}.Release|Any CPU.ActiveCfg = Release|Any CPU
		{6518F40B-2F0C-4AF5-94A8-94A21E70C684}.Release|Any CPU.Build.0 = Release|Any CPU
	EndGlobalSection
EndGlobal
